// !$*UTF8*$!
{
	archiveVersion = 1;
	classes = {
	};
	objectVersion = 46;
	objects = {

/* Begin PBXBuildFile section */
		2BDE8A27183A6E740058CAC0 /* Foundation.framework in Frameworks */ = {isa = PBXBuildFile; fileRef = 2BDE8A26183A6E740058CAC0 /* Foundation.framework */; };
		2BDE8A29183A6E740058CAC0 /* CoreGraphics.framework in Frameworks */ = {isa = PBXBuildFile; fileRef = 2BDE8A28183A6E740058CAC0 /* CoreGraphics.framework */; };
		2BDE8A2B183A6E740058CAC0 /* UIKit.framework in Frameworks */ = {isa = PBXBuildFile; fileRef = 2BDE8A2A183A6E740058CAC0 /* UIKit.framework */; };
		2BDE8A2D183A6E740058CAC0 /* CoreData.framework in Frameworks */ = {isa = PBXBuildFile; fileRef = 2BDE8A2C183A6E740058CAC0 /* CoreData.framework */; };
		2BDE8A33183A6E740058CAC0 /* InfoPlist.strings in Resources */ = {isa = PBXBuildFile; fileRef = 2BDE8A31183A6E740058CAC0 /* InfoPlist.strings */; };
		2BDE8A35183A6E740058CAC0 /* main.m in Sources */ = {isa = PBXBuildFile; fileRef = 2BDE8A34183A6E740058CAC0 /* main.m */; };
		2BDE8A39183A6E740058CAC0 /* FBCDAppDelegate.m in Sources */ = {isa = PBXBuildFile; fileRef = 2BDE8A38183A6E740058CAC0 /* FBCDAppDelegate.m */; };
		2BDE8A3C183A6E740058CAC0 /* Main.storyboard in Resources */ = {isa = PBXBuildFile; fileRef = 2BDE8A3A183A6E740058CAC0 /* Main.storyboard */; };
		2BDE8A3F183A6E740058CAC0 /* FailedBanksCD.xcdatamodeld in Sources */ = {isa = PBXBuildFile; fileRef = 2BDE8A3D183A6E740058CAC0 /* FailedBanksCD.xcdatamodeld */; };
		2BDE8A42183A6E740058CAC0 /* FBCDMasterViewController.m in Sources */ = {isa = PBXBuildFile; fileRef = 2BDE8A41183A6E740058CAC0 /* FBCDMasterViewController.m */; };
		2BDE8A45183A6E740058CAC0 /* FBCDDetailViewController.m in Sources */ = {isa = PBXBuildFile; fileRef = 2BDE8A44183A6E740058CAC0 /* FBCDDetailViewController.m */; };
		2BDE8A47183A6E740058CAC0 /* Images.xcassets in Resources */ = {isa = PBXBuildFile; fileRef = 2BDE8A46183A6E740058CAC0 /* Images.xcassets */; };
		2BDE8A4E183A6E740058CAC0 /* XCTest.framework in Frameworks */ = {isa = PBXBuildFile; fileRef = 2BDE8A4D183A6E740058CAC0 /* XCTest.framework */; };
		2BDE8A4F183A6E740058CAC0 /* Foundation.framework in Frameworks */ = {isa = PBXBuildFile; fileRef = 2BDE8A26183A6E740058CAC0 /* Foundation.framework */; };
		2BDE8A50183A6E740058CAC0 /* UIKit.framework in Frameworks */ = {isa = PBXBuildFile; fileRef = 2BDE8A2A183A6E740058CAC0 /* UIKit.framework */; };
		2BDE8A51183A6E740058CAC0 /* CoreData.framework in Frameworks */ = {isa = PBXBuildFile; fileRef = 2BDE8A2C183A6E740058CAC0 /* CoreData.framework */; };
		2BDE8A59183A6E740058CAC0 /* InfoPlist.strings in Resources */ = {isa = PBXBuildFile; fileRef = 2BDE8A57183A6E740058CAC0 /* InfoPlist.strings */; };
		2BDE8A5B183A6E740058CAC0 /* FailedBanksCDTests.m in Sources */ = {isa = PBXBuildFile; fileRef = 2BDE8A5A183A6E740058CAC0 /* FailedBanksCDTests.m */; };
/* End PBXBuildFile section */

/* Begin PBXContainerItemProxy section */
		2BDE8A52183A6E740058CAC0 /* PBXContainerItemProxy */ = {
			isa = PBXContainerItemProxy;
			containerPortal = 2BDE8A1B183A6E740058CAC0 /* Project object */;
			proxyType = 1;
			remoteGlobalIDString = 2BDE8A22183A6E740058CAC0;
			remoteInfo = FailedBanksCD;
		};
/* End PBXContainerItemProxy section */

/* Begin PBXFileReference section */
		2BDE8A23183A6E740058CAC0 /* FailedBanksCD.app */ = {isa = PBXFileReference; explicitFileType = wrapper.application; includeInIndex = 0; path = FailedBanksCD.app; sourceTree = BUILT_PRODUCTS_DIR; };
		2BDE8A26183A6E740058CAC0 /* Foundation.framework */ = {isa = PBXFileReference; lastKnownFileType = wrapper.framework; name = Foundation.framework; path = System/Library/Frameworks/Foundation.framework; sourceTree = SDKROOT; };
		2BDE8A28183A6E740058CAC0 /* CoreGraphics.framework */ = {isa = PBXFileReference; lastKnownFileType = wrapper.framework; name = CoreGraphics.framework; path = System/Library/Frameworks/CoreGraphics.framework; sourceTree = SDKROOT; };
		2BDE8A2A183A6E740058CAC0 /* UIKit.framework */ = {isa = PBXFileReference; lastKnownFileType = wrapper.framework; name = UIKit.framework; path = System/Library/Frameworks/UIKit.framework; sourceTree = SDKROOT; };
		2BDE8A2C183A6E740058CAC0 /* CoreData.framework */ = {isa = PBXFileReference; lastKnownFileType = wrapper.framework; name = CoreData.framework; path = System/Library/Frameworks/CoreData.framework; sourceTree = SDKROOT; };
		2BDE8A30183A6E740058CAC0 /* FailedBanksCD-Info.plist */ = {isa = PBXFileReference; lastKnownFileType = text.plist.xml; path = "FailedBanksCD-Info.plist"; sourceTree = "<group>"; };
		2BDE8A32183A6E740058CAC0 /* en */ = {isa = PBXFileReference; lastKnownFileType = text.plist.strings; name = en; path = en.lproj/InfoPlist.strings; sourceTree = "<group>"; };
		2BDE8A34183A6E740058CAC0 /* main.m */ = {isa = PBXFileReference; lastKnownFileType = sourcecode.c.objc; path = main.m; sourceTree = "<group>"; };
		2BDE8A36183A6E740058CAC0 /* FailedBanksCD-Prefix.pch */ = {isa = PBXFileReference; lastKnownFileType = sourcecode.c.h; path = "FailedBanksCD-Prefix.pch"; sourceTree = "<group>"; };
		2BDE8A37183A6E740058CAC0 /* FBCDAppDelegate.h */ = {isa = PBXFileReference; lastKnownFileType = sourcecode.c.h; path = FBCDAppDelegate.h; sourceTree = "<group>"; };
		2BDE8A38183A6E740058CAC0 /* FBCDAppDelegate.m */ = {isa = PBXFileReference; lastKnownFileType = sourcecode.c.objc; path = FBCDAppDelegate.m; sourceTree = "<group>"; };
		2BDE8A3B183A6E740058CAC0 /* Base */ = {isa = PBXFileReference; lastKnownFileType = file.storyboard; name = Base; path = Base.lproj/Main.storyboard; sourceTree = "<group>"; };
		2BDE8A3E183A6E740058CAC0 /* FailedBanksCD.xcdatamodel */ = {isa = PBXFileReference; lastKnownFileType = wrapper.xcdatamodel; path = FailedBanksCD.xcdatamodel; sourceTree = "<group>"; };
		2BDE8A40183A6E740058CAC0 /* FBCDMasterViewController.h */ = {isa = PBXFileReference; lastKnownFileType = sourcecode.c.h; path = FBCDMasterViewController.h; sourceTree = "<group>"; };
		2BDE8A41183A6E740058CAC0 /* FBCDMasterViewController.m */ = {isa = PBXFileReference; lastKnownFileType = sourcecode.c.objc; path = FBCDMasterViewController.m; sourceTree = "<group>"; };
		2BDE8A43183A6E740058CAC0 /* FBCDDetailViewController.h */ = {isa = PBXFileReference; lastKnownFileType = sourcecode.c.h; path = FBCDDetailViewController.h; sourceTree = "<group>"; };
		2BDE8A44183A6E740058CAC0 /* FBCDDetailViewController.m */ = {isa = PBXFileReference; lastKnownFileType = sourcecode.c.objc; path = FBCDDetailViewController.m; sourceTree = "<group>"; };
		2BDE8A46183A6E740058CAC0 /* Images.xcassets */ = {isa = PBXFileReference; lastKnownFileType = folder.assetcatalog; path = Images.xcassets; sourceTree = "<group>"; };
		2BDE8A4C183A6E740058CAC0 /* FailedBanksCDTests.xctest */ = {isa = PBXFileReference; explicitFileType = wrapper.cfbundle; includeInIndex = 0; path = FailedBanksCDTests.xctest; sourceTree = BUILT_PRODUCTS_DIR; };
		2BDE8A4D183A6E740058CAC0 /* XCTest.framework */ = {isa = PBXFileReference; lastKnownFileType = wrapper.framework; name = XCTest.framework; path = Library/Frameworks/XCTest.framework; sourceTree = DEVELOPER_DIR; };
		2BDE8A56183A6E740058CAC0 /* FailedBanksCDTests-Info.plist */ = {isa = PBXFileReference; lastKnownFileType = text.plist.xml; path = "FailedBanksCDTests-Info.plist"; sourceTree = "<group>"; };
		2BDE8A58183A6E740058CAC0 /* en */ = {isa = PBXFileReference; lastKnownFileType = text.plist.strings; name = en; path = en.lproj/InfoPlist.strings; sourceTree = "<group>"; };
		2BDE8A5A183A6E740058CAC0 /* FailedBanksCDTests.m */ = {isa = PBXFileReference; lastKnownFileType = sourcecode.c.objc; path = FailedBanksCDTests.m; sourceTree = "<group>"; };
/* End PBXFileReference section */

/* Begin PBXFrameworksBuildPhase section */
		2BDE8A20183A6E740058CAC0 /* Frameworks */ = {
			isa = PBXFrameworksBuildPhase;
			buildActionMask = 2147483647;
			files = (
				2BDE8A29183A6E740058CAC0 /* CoreGraphics.framework in Frameworks */,
				2BDE8A2D183A6E740058CAC0 /* CoreData.framework in Frameworks */,
				2BDE8A2B183A6E740058CAC0 /* UIKit.framework in Frameworks */,
				2BDE8A27183A6E740058CAC0 /* Foundation.framework in Frameworks */,
			);
			runOnlyForDeploymentPostprocessing = 0;
		};
		2BDE8A49183A6E740058CAC0 /* Frameworks */ = {
			isa = PBXFrameworksBuildPhase;
			buildActionMask = 2147483647;
			files = (
				2BDE8A4E183A6E740058CAC0 /* XCTest.framework in Frameworks */,
				2BDE8A51183A6E740058CAC0 /* CoreData.framework in Frameworks */,
				2BDE8A50183A6E740058CAC0 /* UIKit.framework in Frameworks */,
				2BDE8A4F183A6E740058CAC0 /* Foundation.framework in Frameworks */,
			);
			runOnlyForDeploymentPostprocessing = 0;
		};
/* End PBXFrameworksBuildPhase section */

/* Begin PBXGroup section */
		2BDE8A1A183A6E740058CAC0 = {
			isa = PBXGroup;
			children = (
				2BDE8A2E183A6E740058CAC0 /* FailedBanksCD */,
				2BDE8A54183A6E740058CAC0 /* FailedBanksCDTests */,
				2BDE8A25183A6E740058CAC0 /* Frameworks */,
				2BDE8A24183A6E740058CAC0 /* Products */,
			);
			sourceTree = "<group>";
		};
		2BDE8A24183A6E740058CAC0 /* Products */ = {
			isa = PBXGroup;
			children = (
				2BDE8A23183A6E740058CAC0 /* FailedBanksCD.app */,
				2BDE8A4C183A6E740058CAC0 /* FailedBanksCDTests.xctest */,
			);
			name = Products;
			sourceTree = "<group>";
		};
		2BDE8A25183A6E740058CAC0 /* Frameworks */ = {
			isa = PBXGroup;
			children = (
				2BDE8A26183A6E740058CAC0 /* Foundation.framework */,
				2BDE8A28183A6E740058CAC0 /* CoreGraphics.framework */,
				2BDE8A2A183A6E740058CAC0 /* UIKit.framework */,
				2BDE8A2C183A6E740058CAC0 /* CoreData.framework */,
				2BDE8A4D183A6E740058CAC0 /* XCTest.framework */,
			);
			name = Frameworks;
			sourceTree = "<group>";
		};
		2BDE8A2E183A6E740058CAC0 /* FailedBanksCD */ = {
			isa = PBXGroup;
			children = (
				2BDE8A37183A6E740058CAC0 /* FBCDAppDelegate.h */,
				2BDE8A38183A6E740058CAC0 /* FBCDAppDelegate.m */,
				2BDE8A3A183A6E740058CAC0 /* Main.storyboard */,
				2BDE8A40183A6E740058CAC0 /* FBCDMasterViewController.h */,
				2BDE8A41183A6E740058CAC0 /* FBCDMasterViewController.m */,
				2BDE8A43183A6E740058CAC0 /* FBCDDetailViewController.h */,
				2BDE8A44183A6E740058CAC0 /* FBCDDetailViewController.m */,
				2BDE8A46183A6E740058CAC0 /* Images.xcassets */,
				2BDE8A3D183A6E740058CAC0 /* FailedBanksCD.xcdatamodeld */,
				2BDE8A2F183A6E740058CAC0 /* Supporting Files */,
			);
			path = FailedBanksCD;
			sourceTree = "<group>";
		};
		2BDE8A2F183A6E740058CAC0 /* Supporting Files */ = {
			isa = PBXGroup;
			children = (
				2BDE8A30183A6E740058CAC0 /* FailedBanksCD-Info.plist */,
				2BDE8A31183A6E740058CAC0 /* InfoPlist.strings */,
				2BDE8A34183A6E740058CAC0 /* main.m */,
				2BDE8A36183A6E740058CAC0 /* FailedBanksCD-Prefix.pch */,
			);
			name = "Supporting Files";
			sourceTree = "<group>";
		};
		2BDE8A54183A6E740058CAC0 /* FailedBanksCDTests */ = {
			isa = PBXGroup;
			children = (
				2BDE8A5A183A6E740058CAC0 /* FailedBanksCDTests.m */,
				2BDE8A55183A6E740058CAC0 /* Supporting Files */,
			);
			path = FailedBanksCDTests;
			sourceTree = "<group>";
		};
		2BDE8A55183A6E740058CAC0 /* Supporting Files */ = {
			isa = PBXGroup;
			children = (
				2BDE8A56183A6E740058CAC0 /* FailedBanksCDTests-Info.plist */,
				2BDE8A57183A6E740058CAC0 /* InfoPlist.strings */,
			);
			name = "Supporting Files";
			sourceTree = "<group>";
		};
/* End PBXGroup section */

/* Begin PBXNativeTarget section */
		2BDE8A22183A6E740058CAC0 /* FailedBanksCD */ = {
			isa = PBXNativeTarget;
			buildConfigurationList = 2BDE8A5E183A6E740058CAC0 /* Build configuration list for PBXNativeTarget "FailedBanksCD" */;
			buildPhases = (
				2BDE8A1F183A6E740058CAC0 /* Sources */,
				2BDE8A20183A6E740058CAC0 /* Frameworks */,
				2BDE8A21183A6E740058CAC0 /* Resources */,
			);
			buildRules = (
			);
			dependencies = (
			);
			name = FailedBanksCD;
			productName = FailedBanksCD;
			productReference = 2BDE8A23183A6E740058CAC0 /* FailedBanksCD.app */;
			productType = "com.apple.product-type.application";
		};
		2BDE8A4B183A6E740058CAC0 /* FailedBanksCDTests */ = {
			isa = PBXNativeTarget;
			buildConfigurationList = 2BDE8A61183A6E740058CAC0 /* Build configuration list for PBXNativeTarget "FailedBanksCDTests" */;
			buildPhases = (
				2BDE8A48183A6E740058CAC0 /* Sources */,
				2BDE8A49183A6E740058CAC0 /* Frameworks */,
				2BDE8A4A183A6E740058CAC0 /* Resources */,
			);
			buildRules = (
			);
			dependencies = (
				2BDE8A53183A6E740058CAC0 /* PBXTargetDependency */,
			);
			name = FailedBanksCDTests;
			productName = FailedBanksCDTests;
			productReference = 2BDE8A4C183A6E740058CAC0 /* FailedBanksCDTests.xctest */;
			productType = "com.apple.product-type.bundle.unit-test";
		};
/* End PBXNativeTarget section */

/* Begin PBXProject section */
		2BDE8A1B183A6E740058CAC0 /* Project object */ = {
			isa = PBXProject;
			attributes = {
				CLASSPREFIX = FBCD;
				LastUpgradeCheck = 0500;
				ORGANIZATIONNAME = "Thomas Grant";
				TargetAttributes = {
					2BDE8A4B183A6E740058CAC0 = {
						TestTargetID = 2BDE8A22183A6E740058CAC0;
					};
				};
			};
			buildConfigurationList = 2BDE8A1E183A6E740058CAC0 /* Build configuration list for PBXProject "FailedBanksCD" */;
			compatibilityVersion = "Xcode 3.2";
			developmentRegion = English;
			hasScannedForEncodings = 0;
			knownRegions = (
				en,
				Base,
			);
			mainGroup = 2BDE8A1A183A6E740058CAC0;
			productRefGroup = 2BDE8A24183A6E740058CAC0 /* Products */;
			projectDirPath = "";
			projectRoot = "";
			targets = (
				2BDE8A22183A6E740058CAC0 /* FailedBanksCD */,
				2BDE8A4B183A6E740058CAC0 /* FailedBanksCDTests */,
			);
		};
/* End PBXProject section */

/* Begin PBXResourcesBuildPhase section */
		2BDE8A21183A6E740058CAC0 /* Resources */ = {
			isa = PBXResourcesBuildPhase;
			buildActionMask = 2147483647;
			files = (
				2BDE8A47183A6E740058CAC0 /* Images.xcassets in Resources */,
				2BDE8A33183A6E740058CAC0 /* InfoPlist.strings in Resources */,
				2BDE8A3C183A6E740058CAC0 /* Main.storyboard in Resources */,
			);
			runOnlyForDeploymentPostprocessing = 0;
		};
		2BDE8A4A183A6E740058CAC0 /* Resources */ = {
			isa = PBXResourcesBuildPhase;
			buildActionMask = 2147483647;
			files = (
				2BDE8A59183A6E740058CAC0 /* InfoPlist.strings in Resources */,
			);
			runOnlyForDeploymentPostprocessing = 0;
		};
/* End PBXResourcesBuildPhase section */

/* Begin PBXSourcesBuildPhase section */
		2BDE8A1F183A6E740058CAC0 /* Sources */ = {
			isa = PBXSourcesBuildPhase;
			buildActionMask = 2147483647;
			files = (
				2BDE8A3F183A6E740058CAC0 /* FailedBanksCD.xcdatamodeld in Sources */,
				2BDE8A45183A6E740058CAC0 /* FBCDDetailViewController.m in Sources */,
				2BDE8A35183A6E740058CAC0 /* main.m in Sources */,
				2BDE8A39183A6E740058CAC0 /* FBCDAppDelegate.m in Sources */,
				2BDE8A42183A6E740058CAC0 /* FBCDMasterViewController.m in Sources */,
			);
			runOnlyForDeploymentPostprocessing = 0;
		};
		2BDE8A48183A6E740058CAC0 /* Sources */ = {
			isa = PBXSourcesBuildPhase;
			buildActionMask = 2147483647;
			files = (
				2BDE8A5B183A6E740058CAC0 /* FailedBanksCDTests.m in Sources */,
			);
			runOnlyForDeploymentPostprocessing = 0;
		};
/* End PBXSourcesBuildPhase section */

/* Begin PBXTargetDependency section */
		2BDE8A53183A6E740058CAC0 /* PBXTargetDependency */ = {
			isa = PBXTargetDependency;
			target = 2BDE8A22183A6E740058CAC0 /* FailedBanksCD */;
			targetProxy = 2BDE8A52183A6E740058CAC0 /* PBXContainerItemProxy */;
		};
/* End PBXTargetDependency section */

/* Begin PBXVariantGroup section */
		2BDE8A31183A6E740058CAC0 /* InfoPlist.strings */ = {
			isa = PBXVariantGroup;
			children = (
				2BDE8A32183A6E740058CAC0 /* en */,
			);
			name = InfoPlist.strings;
			sourceTree = "<group>";
		};
		2BDE8A3A183A6E740058CAC0 /* Main.storyboard */ = {
			isa = PBXVariantGroup;
			children = (
				2BDE8A3B183A6E740058CAC0 /* Base */,
			);
			name = Main.storyboard;
			sourceTree = "<group>";
		};
		2BDE8A57183A6E740058CAC0 /* InfoPlist.strings */ = {
			isa = PBXVariantGroup;
			children = (
				2BDE8A58183A6E740058CAC0 /* en */,
			);
			name = InfoPlist.strings;
			sourceTree = "<group>";
		};
/* End PBXVariantGroup section */

/* Begin XCBuildConfiguration section */
		2BDE8A5C183A6E740058CAC0 /* Debug */ = {
			isa = XCBuildConfiguration;
			buildSettings = {
				ALWAYS_SEARCH_USER_PATHS = NO;
				ARCHS = "$(ARCHS_STANDARD_INCLUDING_64_BIT)";
				CLANG_CXX_LANGUAGE_STANDARD = "gnu++0x";
				CLANG_CXX_LIBRARY = "libc++";
				CLANG_ENABLE_MODULES = YES;
				CLANG_ENABLE_OBJC_ARC = YES;
				CLANG_WARN_BOOL_CONVERSION = YES;
				CLANG_WARN_CONSTANT_CONVERSION = YES;
				CLANG_WARN_DIRECT_OBJC_ISA_USAGE = YES_ERROR;
				CLANG_WARN_EMPTY_BODY = YES;
				CLANG_WARN_ENUM_CONVERSION = YES;
				CLANG_WARN_INT_CONVERSION = YES;
				CLANG_WARN_OBJC_ROOT_CLASS = YES_ERROR;
				CLANG_WARN__DUPLICATE_METHOD_MATCH = YES;
				"CODE_SIGN_IDENTITY[sdk=iphoneos*]" = "iPhone Developer";
				COPY_PHASE_STRIP = NO;
				GCC_C_LANGUAGE_STANDARD = gnu99;
				GCC_DYNAMIC_NO_PIC = NO;
				GCC_OPTIMIZATION_LEVEL = 0;
				GCC_PREPROCESSOR_DEFINITIONS = (
					"DEBUG=1",
					"$(inherited)",
				);
				GCC_SYMBOLS_PRIVATE_EXTERN = NO;
				GCC_WARN_64_TO_32_BIT_CONVERSION = YES;
				GCC_WARN_ABOUT_RETURN_TYPE = YES_ERROR;
				GCC_WARN_UNDECLARED_SELECTOR = YES;
				GCC_WARN_UNINITIALIZED_AUTOS = YES;
				GCC_WARN_UNUSED_FUNCTION = YES;
				GCC_WARN_UNUSED_VARIABLE = YES;
				IPHONEOS_DEPLOYMENT_TARGET = 7.0;
				ONLY_ACTIVE_ARCH = YES;
				SDKROOT = iphoneos;
			};
			name = Debug;
		};
		2BDE8A5D183A6E740058CAC0 /* Release */ = {
			isa = XCBuildConfiguration;
			buildSettings = {
				ALWAYS_SEARCH_USER_PATHS = NO;
				ARCHS = "$(ARCHS_STANDARD_INCLUDING_64_BIT)";
				CLANG_CXX_LANGUAGE_STANDARD = "gnu++0x";
				CLANG_CXX_LIBRARY = "libc++";
				CLANG_ENABLE_MODULES = YES;
				CLANG_ENABLE_OBJC_ARC = YES;
				CLANG_WARN_BOOL_CONVERSION = YES;
				CLANG_WARN_CONSTANT_CONVERSION = YES;
				CLANG_WARN_DIRECT_OBJC_ISA_USAGE = YES_ERROR;
				CLANG_WARN_EMPTY_BODY = YES;
				CLANG_WARN_ENUM_CONVERSION = YES;
				CLANG_WARN_INT_CONVERSION = YES;
				CLANG_WARN_OBJC_ROOT_CLASS = YES_ERROR;
				CLANG_WARN__DUPLICATE_METHOD_MATCH = YES;
				"CODE_SIGN_IDENTITY[sdk=iphoneos*]" = "iPhone Developer";
				COPY_PHASE_STRIP = YES;
				ENABLE_NS_ASSERTIONS = NO;
				GCC_C_LANGUAGE_STANDARD = gnu99;
				GCC_WARN_64_TO_32_BIT_CONVERSION = YES;
				GCC_WARN_ABOUT_RETURN_TYPE = YES_ERROR;
				GCC_WARN_UNDECLARED_SELECTOR = YES;
				GCC_WARN_UNINITIALIZED_AUTOS = YES;
				GCC_WARN_UNUSED_FUNCTION = YES;
				GCC_WARN_UNUSED_VARIABLE = YES;
				IPHONEOS_DEPLOYMENT_TARGET = 7.0;
				SDKROOT = iphoneos;
				VALIDATE_PRODUCT = YES;
			};
			name = Release;
		};
		2BDE8A5F183A6E740058CAC0 /* Debug */ = {
			isa = XCBuildConfiguration;
			buildSettings = {
				ASSETCATALOG_COMPILER_APPICON_NAME = AppIcon;
				ASSETCATALOG_COMPILER_LAUNCHIMAGE_NAME = LaunchImage;
				GCC_PRECOMPILE_PREFIX_HEADER = YES;
				GCC_PREFIX_HEADER = "FailedBanksCD/FailedBanksCD-Prefix.pch";
				INFOPLIST_FILE = "FailedBanksCD/FailedBanksCD-Info.plist";
				PRODUCT_NAME = "$(TARGET_NAME)";
				WRAPPER_EXTENSION = app;
			};
			name = Debug;
		};
		2BDE8A60183A6E740058CAC0 /* Release */ = {
			isa = XCBuildConfiguration;
			buildSettings = {
				ASSETCATALOG_COMPILER_APPICON_NAME = AppIcon;
				ASSETCATALOG_COMPILER_LAUNCHIMAGE_NAME = LaunchImage;
				GCC_PRECOMPILE_PREFIX_HEADER = YES;
				GCC_PREFIX_HEADER = "FailedBanksCD/FailedBanksCD-Prefix.pch";
				INFOPLIST_FILE = "FailedBanksCD/FailedBanksCD-Info.plist";
				PRODUCT_NAME = "$(TARGET_NAME)";
				WRAPPER_EXTENSION = app;
			};
			name = Release;
		};
		2BDE8A62183A6E740058CAC0 /* Debug */ = {
			isa = XCBuildConfiguration;
			buildSettings = {
				ARCHS = "$(ARCHS_STANDARD_INCLUDING_64_BIT)";
				BUNDLE_LOADER = "$(BUILT_PRODUCTS_DIR)/FailedBanksCD.app/FailedBanksCD";
				FRAMEWORK_SEARCH_PATHS = (
					"$(SDKROOT)/Developer/Library/Frameworks",
					"$(inherited)",
					"$(DEVELOPER_FRAMEWORKS_DIR)",
				);
				GCC_PRECOMPILE_PREFIX_HEADER = YES;
				GCC_PREFIX_HEADER = "FailedBanksCD/FailedBanksCD-Prefix.pch";
				GCC_PREPROCESSOR_DEFINITIONS = (
					"DEBUG=1",
					"$(inherited)",
				);
				INFOPLIST_FILE = "FailedBanksCDTests/FailedBanksCDTests-Info.plist";
				PRODUCT_NAME = "$(TARGET_NAME)";
				TEST_HOST = "$(BUNDLE_LOADER)";
				WRAPPER_EXTENSION = xctest;
			};
			name = Debug;
		};
		2BDE8A63183A6E740058CAC0 /* Release */ = {
			isa = XCBuildConfiguration;
			buildSettings = {
				ARCHS = "$(ARCHS_STANDARD_INCLUDING_64_BIT)";
				BUNDLE_LOADER = "$(BUILT_PRODUCTS_DIR)/FailedBanksCD.app/FailedBanksCD";
				FRAMEWORK_SEARCH_PATHS = (
					"$(SDKROOT)/Developer/Library/Frameworks",
					"$(inherited)",
					"$(DEVELOPER_FRAMEWORKS_DIR)",
				);
				GCC_PRECOMPILE_PREFIX_HEADER = YES;
				GCC_PREFIX_HEADER = "FailedBanksCD/FailedBanksCD-Prefix.pch";
				INFOPLIST_FILE = "FailedBanksCDTests/FailedBanksCDTests-Info.plist";
				PRODUCT_NAME = "$(TARGET_NAME)";
				TEST_HOST = "$(BUNDLE_LOADER)";
				WRAPPER_EXTENSION = xctest;
			};
			name = Release;
		};
/* End XCBuildConfiguration section */

/* Begin XCConfigurationList section */
		2BDE8A1E183A6E740058CAC0 /* Build configuration list for PBXProject "FailedBanksCD" */ = {
			isa = XCConfigurationList;
			buildConfigurations = (
				2BDE8A5C183A6E740058CAC0 /* Debug */,
				2BDE8A5D183A6E740058CAC0 /* Release */,
			);
			defaultConfigurationIsVisible = 0;
			defaultConfigurationName = Release;
		};
		2BDE8A5E183A6E740058CAC0 /* Build configuration list for PBXNativeTarget "FailedBanksCD" */ = {
			isa = XCConfigurationList;
			buildConfigurations = (
				2BDE8A5F183A6E740058CAC0 /* Debug */,
				2BDE8A60183A6E740058CAC0 /* Release */,
			);
			defaultConfigurationIsVisible = 0;
		};
		2BDE8A61183A6E740058CAC0 /* Build configuration list for PBXNativeTarget "FailedBanksCDTests" */ = {
			isa = XCConfigurationList;
			buildConfigurations = (
				2BDE8A62183A6E740058CAC0 /* Debug */,
				2BDE8A63183A6E740058CAC0 /* Release */,
			);
			defaultConfigurationIsVisible = 0;
		};
/* End XCConfigurationList section */

/* Begin XCVersionGroup section */
		2BDE8A3D183A6E740058CAC0 /* FailedBanksCD.xcdatamodeld */ = {
			isa = XCVersionGroup;
			children = (
				2BDE8A3E183A6E740058CAC0 /* FailedBanksCD.xcdatamodel */,
			);
			currentVersion = 2BDE8A3E183A6E740058CAC0 /* FailedBanksCD.xcdatamodel */;
			path = FailedBanksCD.xcdatamodeld;
			sourceTree = "<group>";
			versionGroupType = wrapper.xcdatamodel;
		};
/* End XCVersionGroup section */
	};
	rootObject = 2BDE8A1B183A6E740058CAC0 /* Project object */;
}
